
Microsoft Visual Studio Solution File, Format Version 12.00
# Visual Studio Version 17
VisualStudioVersion = 17.0.31903.59
MinimumVisualStudioVersion = 10.0.40219.1
Project("{2150E333-8FDC-42A3-9474-1A3956D46DE8}") = "src", "src", "{5C7E9F84-6B50-4347-9854-490C26970A1F}"
EndProject
Project("{FAE04EC0-301F-11D3-BF4B-00C04F79EFBC}") = "SilkHat.Core", "src\SilkHat.Core\SilkHat.Core.csproj", "{25102D63-2706-4393-AE2E-C4BFF5740472}"
EndProject
Project("{FAE04EC0-301F-11D3-BF4B-00C04F79EFBC}") = "SilkHat.Analysis", "src\SilkHat.Analysis\SilkHat.Analysis.csproj", "{1CB15618-9A01-4C5D-8633-B996438F7D90}"
EndProject
Project("{FAE04EC0-301F-11D3-BF4B-00C04F79EFBC}") = "SilkHat.Code.Core", "src\SilkHat.Code.Core\SilkHat.Code.Core.csproj", "{1C258B58-444D-4E7B-BCC3-1C1DEFC4EB9A}"
EndProject
Project("{FAE04EC0-301F-11D3-BF4B-00C04F79EFBC}") = "SilkHat.Code.Analysis", "src\SilkHat.Code.Analysis\SilkHat.Code.Analysis.csproj", "{7EABDF4C-024D-4BF5-ADF1-B7925545E3E0}"
EndProject
Project("{FAE04EC0-301F-11D3-BF4B-00C04F79EFBC}") = "SilkHat.Git.Core", "src\SilkHat.Git.Core\SilkHat.Git.Core.csproj", "{279E5855-5A6B-46A8-BA1B-C744A2B4F2D6}"
EndProject
Project("{FAE04EC0-301F-11D3-BF4B-00C04F79EFBC}") = "SilkHat.Git.Analysis", "src\SilkHat.Git.Analysis\SilkHat.Git.Analysis.csproj", "{98075D48-5397-4D30-9203-78AE101BE92B}"
EndProject
Project("{FAE04EC0-301F-11D3-BF4B-00C04F79EFBC}") = "SilkHat.Infrastructure", "src\SilkHat.Infrastructure\SilkHat.Infrastructure.csproj", "{9C417D40-CC6E-4A17-BE03-6AA61D581F05}"
EndProject
Project("{FAE04EC0-301F-11D3-BF4B-00C04F79EFBC}") = "SilkHat.Api", "src\SilkHat.Api\SilkHat.Api.csproj", "{03D05FCB-F453-4487-BC9F-6720ADEE3D81}"
EndProject
Project("{FAE04EC0-301F-11D3-BF4B-00C04F79EFBC}") = "SilkHat.Ui", "src\SilkHat.Ui\SilkHat.Ui.csproj", "{1077D743-2F14-4B95-8C95-355CF315A608}"
EndProject
Project("{2150E333-8FDC-42A3-9474-1A3956D46DE8}") = "tests", "tests", "{55582CB3-BB3F-4EA0-B18A-52B23847F225}"
EndProject
Project("{FAE04EC0-301F-11D3-BF4B-00C04F79EFBC}") = "SilkHat.Tests", "tests\SilkHat.Tests\SilkHat.Tests.csproj", "{E38394AF-7CA5-41EC-B9B5-504D904B0518}"
EndProject
Project("{FAE04EC0-301F-11D3-BF4B-00C04F79EFBC}") = "SilkHat.Api.Tests", "tests\SilkHat.Api.Tests\SilkHat.Api.Tests.csproj", "{BF3C2855-4FE9-44F3-A56D-89AA790162B8}"
EndProject
Global
	GlobalSection(SolutionConfigurationPlatforms) = preSolution
		Debug|Any CPU = Debug|Any CPU
		Release|Any CPU = Release|Any CPU
	EndGlobalSection
	GlobalSection(SolutionProperties) = preSolution
		HideSolutionNode = FALSE
	EndGlobalSection
	GlobalSection(ProjectConfigurationPlatforms) = postSolution
		{25102D63-2706-4393-AE2E-C4BFF5740472}.Debug|Any CPU.ActiveCfg = Debug|Any CPU
		{25102D63-2706-4393-AE2E-C4BFF5740472}.Debug|Any CPU.Build.0 = Debug|Any CPU
		{25102D63-2706-4393-AE2E-C4BFF5740472}.Release|Any CPU.ActiveCfg = Release|Any CPU
		{25102D63-2706-4393-AE2E-C4BFF5740472}.Release|Any CPU.Build.0 = Release|Any CPU
		{1CB15618-9A01-4C5D-8633-B996438F7D90}.Debug|Any CPU.ActiveCfg = Debug|Any CPU
		{1CB15618-9A01-4C5D-8633-B996438F7D90}.Debug|Any CPU.Build.0 = Debug|Any CPU
		{1CB15618-9A01-4C5D-8633-B996438F7D90}.Release|Any CPU.ActiveCfg = Release|Any CPU
		{1CB15618-9A01-4C5D-8633-B996438F7D90}.Release|Any CPU.Build.0 = Release|Any CPU
		{1C258B58-444D-4E7B-BCC3-1C1DEFC4EB9A}.Debug|Any CPU.ActiveCfg = Debug|Any CPU
		{1C258B58-444D-4E7B-BCC3-1C1DEFC4EB9A}.Debug|Any CPU.Build.0 = Debug|Any CPU
		{1C258B58-444D-4E7B-BCC3-1C1DEFC4EB9A}.Release|Any CPU.ActiveCfg = Release|Any CPU
		{1C258B58-444D-4E7B-BCC3-1C1DEFC4EB9A}.Release|Any CPU.Build.0 = Release|Any CPU
		{7EABDF4C-024D-4BF5-ADF1-B7925545E3E0}.Debug|Any CPU.ActiveCfg = Debug|Any CPU
		{7EABDF4C-024D-4BF5-ADF1-B7925545E3E0}.Debug|Any CPU.Build.0 = Debug|Any CPU
		{7EABDF4C-024D-4BF5-ADF1-B7925545E3E0}.Release|Any CPU.ActiveCfg = Release|Any CPU
		{7EABDF4C-024D-4BF5-ADF1-B7925545E3E0}.Release|Any CPU.Build.0 = Release|Any CPU
		{279E5855-5A6B-46A8-BA1B-C744A2B4F2D6}.Debug|Any CPU.ActiveCfg = Debug|Any CPU
		{279E5855-5A6B-46A8-BA1B-C744A2B4F2D6}.Debug|Any CPU.Build.0 = Debug|Any CPU
		{279E5855-5A6B-46A8-BA1B-C744A2B4F2D6}.Release|Any CPU.ActiveCfg = Release|Any CPU
		{279E5855-5A6B-46A8-BA1B-C744A2B4F2D6}.Release|Any CPU.Build.0 = Release|Any CPU
		{98075D48-5397-4D30-9203-78AE101BE92B}.Debug|Any CPU.ActiveCfg = Debug|Any CPU
		{98075D48-5397-4D30-9203-78AE101BE92B}.Debug|Any CPU.Build.0 = Debug|Any CPU
		{98075D48-5397-4D30-9203-78AE101BE92B}.Release|Any CPU.ActiveCfg = Release|Any CPU
		{98075D48-5397-4D30-9203-78AE101BE92B}.Release|Any CPU.Build.0 = Release|Any CPU
		{9C417D40-CC6E-4A17-BE03-6AA61D581F05}.Debug|Any CPU.ActiveCfg = Debug|Any CPU
		{9C417D40-CC6E-4A17-BE03-6AA61D581F05}.Debug|Any CPU.Build.0 = Debug|Any CPU
		{9C417D40-CC6E-4A17-BE03-6AA61D581F05}.Release|Any CPU.ActiveCfg = Release|Any CPU
		{9C417D40-CC6E-4A17-BE03-6AA61D581F05}.Release|Any CPU.Build.0 = Release|Any CPU
		{03D05FCB-F453-4487-BC9F-6720ADEE3D81}.Debug|Any CPU.ActiveCfg = Debug|Any CPU
		{03D05FCB-F453-4487-BC9F-6720ADEE3D81}.Debug|Any CPU.Build.0 = Debug|Any CPU
		{03D05FCB-F453-4487-BC9F-6720ADEE3D81}.Release|Any CPU.ActiveCfg = Release|Any CPU
		{03D05FCB-F453-4487-BC9F-6720ADEE3D81}.Release|Any CPU.Build.0 = Release|Any CPU
		{1077D743-2F14-4B95-8C95-355CF315A608}.Debug|Any CPU.ActiveCfg = Debug|Any CPU
		{1077D743-2F14-4B95-8C95-355CF315A608}.Debug|Any CPU.Build.0 = Debug|Any CPU
		{1077D743-2F14-4B95-8C95-355CF315A608}.Release|Any CPU.ActiveCfg = Release|Any CPU
		{1077D743-2F14-4B95-8C95-355CF315A608}.Release|Any CPU.Build.0 = Release|Any CPU
		{E38394AF-7CA5-41EC-B9B5-504D904B0518}.Debug|Any CPU.ActiveCfg = Debug|Any CPU
		{E38394AF-7CA5-41EC-B9B5-504D904B0518}.Debug|Any CPU.Build.0 = Debug|Any CPU
		{E38394AF-7CA5-41EC-B9B5-504D904B0518}.Release|Any CPU.ActiveCfg = Release|Any CPU
		{E38394AF-7CA5-41EC-B9B5-504D904B0518}.Release|Any CPU.Build.0 = Release|Any CPU
		{BF3C2855-4FE9-44F3-A56D-89AA790162B8}.Debug|Any CPU.ActiveCfg = Debug|Any CPU
		{BF3C2855-4FE9-44F3-A56D-89AA790162B8}.Debug|Any CPU.Build.0 = Debug|Any CPU
		{BF3C2855-4FE9-44F3-A56D-89AA790162B8}.Release|Any CPU.ActiveCfg = Release|Any CPU
		{BF3C2855-4FE9-44F3-A56D-89AA790162B8}.Release|Any CPU.Build.0 = Release|Any CPU
	EndGlobalSection
	GlobalSection(NestedProjects) = preSolution
		{25102D63-2706-4393-AE2E-C4BFF5740472} = {5C7E9F84-6B50-4347-9854-490C26970A1F}
		{1CB15618-9A01-4C5D-8633-B996438F7D90} = {5C7E9F84-6B50-4347-9854-490C26970A1F}
		{1C258B58-444D-4E7B-BCC3-1C1DEFC4EB9A} = {5C7E9F84-6B50-4347-9854-490C26970A1F}
		{7EABDF4C-024D-4BF5-ADF1-B7925545E3E0} = {5C7E9F84-6B50-4347-9854-490C26970A1F}
		{279E5855-5A6B-46A8-BA1B-C744A2B4F2D6} = {5C7E9F84-6B50-4347-9854-490C26970A1F}
		{98075D48-5397-4D30-9203-78AE101BE92B} = {5C7E9F84-6B50-4347-9854-490C26970A1F}
		{9C417D40-CC6E-4A17-BE03-6AA61D581F05} = {5C7E9F84-6B50-4347-9854-490C26970A1F}
		{03D05FCB-F453-4487-BC9F-6720ADEE3D81} = {5C7E9F84-6B50-4347-9854-490C26970A1F}
		{1077D743-2F14-4B95-8C95-355CF315A608} = {5C7E9F84-6B50-4347-9854-490C26970A1F}
		{E38394AF-7CA5-41EC-B9B5-504D904B0518} = {55582CB3-BB3F-4EA0-B18A-52B23847F225}
		{BF3C2855-4FE9-44F3-A56D-89AA790162B8} = {55582CB3-BB3F-4EA0-B18A-52B23847F225}
	EndGlobalSection
EndGlobal
